schema: '2.0'
stages:
  data_ingestion:
    cmd: python src/cnnProject/pipeline/stage_1_data_ingestion.py
    deps:
    - path: Configrationfile/config.yaml
      md5: 92f374b30154a864dc77e89f0a33b2f1
      size: 859
    - path: src/cnnProject/pipeline/stage_1_data_ingestion.py
      md5: 12e940412f06aede2933932664fc7434
      size: 704
    outs:
    - path: artifacts/data_ingestion/PetImages
      md5: 3a5cf86541f22c236620ce5b952ad684.dir
      size: 848866410
      nfiles: 24998
  base_mode_preparation:
    cmd: python src/cnnProject/pipeline/stage_2_base_model_preparation.py
    deps:
    - path: Configrationfile/config.yaml
      md5: 92f374b30154a864dc77e89f0a33b2f1
      size: 859
    - path: src/cnnProject/pipeline/stage_2_base_model_preparation.py
      md5: 52695ce67a7ec8ec207e80ba68d3b6d2
      size: 756
    params:
      params.yaml:
        CLASSES: 2
        IMAGE_SIZE:
        - 224
        - 224
        - 3
        INCLUDE_TOP: false
        LEARNING_RATE: 0.01
        WEIGHTS: imagenet
    outs:
    - path: artifacts/base_model_preparation
      md5: 5ddefbe92c91cbca4fc5c0a4f5c2ee8b.dir
      size: 118054512
      nfiles: 2
  training:
    cmd: python src/cnnProject/pipeline/stage_3_training.py
    deps:
    - path: artifacts/base_model_preparation
      md5: 5ddefbe92c91cbca4fc5c0a4f5c2ee8b.dir
      size: 118054512
      nfiles: 2
    - path: artifacts/data_ingestion/PetImages
      md5: 3a5cf86541f22c236620ce5b952ad684.dir
      size: 848866410
      nfiles: 24998
    - path: src/cnnProject/componets/callback_preparation.py
      md5: ed8169b5c95d99a50ba25641184a60e7
      size: 1028
    - path: src/cnnProject/pipeline/stage_3_training.py
      md5: 0548c86b9b3148f14feeee15f2bbf732
      size: 1142
    params:
      params.yaml:
        AUGMENTAION: true
        BATCH_SIZE: 64
        EPOCHS: 1
        IMAGE_SIZE:
        - 224
        - 224
        - 3
    outs:
    - path: artifacts/training
      md5: f1686b52b8a18b47cd729a41f664ca93.dir
      size: 59337488
      nfiles: 1
  evaluation:
    cmd: python src/cnnProject/pipeline/stage_4_evaluation.py
    deps:
    - path: Configrationfile/config.yaml
      md5: 92f374b30154a864dc77e89f0a33b2f1
      size: 859
    - path: artifacts/data_ingestion/PetImages
      md5: 3a5cf86541f22c236620ce5b952ad684.dir
      size: 848866410
      nfiles: 24998
    - path: artifacts/training/model.h5
      md5: 60abd5a2e80f5bdccc3ddbbeeb756c71
      size: 59337488
    - path: src/cnnProject/pipeline/stage_4_evaluation.py
      md5: d3e219f0d83423bee0d4222ac4fa703d
      size: 643
    params:
      params.yaml:
        BATCH_SIZE: 64
        IMAGE_SIZE:
        - 224
        - 224
        - 3
    outs:
    - path: scores.json
      md5: b20fa11da3bf9690723e773d3bc5c048
      size: 71
